// !$*UTF8*$!
{
	archiveVersion = 1;
	classes = {
	};
	objectVersion = 77;
	objects = {

/* Begin PBXFileReference section */
		D9204D8F2F12C135003A22BA /* ProcessTrustInspector.app */ = {isa = PBXFileReference; explicitFileType = wrapper.application; includeInIndex = 0; path = ProcessTrustInspector.app; sourceTree = BUILT_PRODUCTS_DIR; };
		D933E3B92F50B7500087C3A1 /* CStringDecoders.swift */ = {isa = PBXFileReference; lastKnownFileType = sourcecode.swift; path = CStringDecoders.swift; sourceTree = "<group>"; };
		D95F48732F36966800BD7E5F /* NarrativeBuilder.swift */ = {isa = PBXFileReference; lastKnownFileType = sourcecode.swift; path = NarrativeBuilder.swift; sourceTree = "<group>"; };
		D978689A2F5213CF00E581A2 /* ProcessInspectorRecords.swift */ = {isa = PBXFileReference; lastKnownFileType = sourcecode.swift; path = ProcessInspectorRecords.swift; sourceTree = "<group>"; };
		D978689B2F5213CF00E581A2 /* QuarantineInspector.swift */ = {isa = PBXFileReference; lastKnownFileType = sourcecode.swift; path = QuarantineInspector.swift; sourceTree = "<group>"; };
		D978689E2F5213DD00E581A2 /* InspectorEngine+Export.swift */ = {isa = PBXFileReference; lastKnownFileType = sourcecode.swift; path = "InspectorEngine+Export.swift"; sourceTree = "<group>"; };
		D983F7342F4A22C900DE817F /* EngineNarrativeExport.swift */ = {isa = PBXFileReference; lastKnownFileType = sourcecode.swift; path = EngineNarrativeExport.swift; sourceTree = "<group>"; };
		D9A48EE42F4A442400DC6882 /* SecurityStatusExplainer.swift */ = {isa = PBXFileReference; lastKnownFileType = sourcecode.swift; path = SecurityStatusExplainer.swift; sourceTree = "<group>"; };
		D9C76F3F2F33F2F3005AA5C2 /* ProcessDetailView.swift */ = {isa = PBXFileReference; lastKnownFileType = sourcecode.swift; path = ProcessDetailView.swift; sourceTree = "<group>"; };
		D9C76F422F3525BF005AA5C2 /* EngineNarrative.swift */ = {isa = PBXFileReference; lastKnownFileType = sourcecode.swift; path = EngineNarrative.swift; sourceTree = "<group>"; };
		D9F819B42F2E984700AD18BA /* Assets.xcassets */ = {isa = PBXFileReference; lastKnownFileType = folder.assetcatalog; path = Assets.xcassets; sourceTree = "<group>"; };
		D9F819B52F2E984700AD18BA /* ContentView.swift */ = {isa = PBXFileReference; lastKnownFileType = sourcecode.swift; path = ContentView.swift; sourceTree = "<group>"; };
		D9F819B62F2E984700AD18BA /* InspectorEngine.swift */ = {isa = PBXFileReference; lastKnownFileType = sourcecode.swift; path = InspectorEngine.swift; sourceTree = "<group>"; };
		D9F819B72F2E984700AD18BA /* ProcessTrustInspectorApp.swift */ = {isa = PBXFileReference; lastKnownFileType = sourcecode.swift; path = ProcessTrustInspectorApp.swift; sourceTree = "<group>"; };
		D9F819BE2F2E9AA200AD18BA /* SigningSummary.swift */ = {isa = PBXFileReference; lastKnownFileType = sourcecode.swift; path = SigningSummary.swift; sourceTree = "<group>"; };
		D9F819C32F2E9B1900AD18BA /* ProcessSnapshot.swift */ = {isa = PBXFileReference; lastKnownFileType = sourcecode.swift; path = ProcessSnapshot.swift; sourceTree = "<group>"; };
		D9F819D12F2EA67900AD18BA /* CodeSigningInspector.swift */ = {isa = PBXFileReference; lastKnownFileType = sourcecode.swift; path = CodeSigningInspector.swift; sourceTree = "<group>"; };
		D9F819DB2F2FE59B00AD18BA /* ProcessInspector.swift */ = {isa = PBXFileReference; lastKnownFileType = sourcecode.swift; path = ProcessInspector.swift; sourceTree = "<group>"; };
		D9FF18542F5118D40059527A /* QuarantineModels.swift */ = {isa = PBXFileReference; lastKnownFileType = sourcecode.swift; path = QuarantineModels.swift; sourceTree = "<group>"; };
/* End PBXFileReference section */

/* Begin PBXFileSystemSynchronizedRootGroup section */
		D9204D912F12C135003A22BA /* ProcessTrustInspector */ = {
			isa = PBXFileSystemSynchronizedRootGroup;
			path = ProcessTrustInspector;
			sourceTree = "<group>";
		};
/* End PBXFileSystemSynchronizedRootGroup section */

/* Begin PBXFrameworksBuildPhase section */
		D9204D8C2F12C135003A22BA /* Frameworks */ = {
			isa = PBXFrameworksBuildPhase;
			buildActionMask = 2147483647;
			files = (
			);
			runOnlyForDeploymentPostprocessing = 0;
		};
/* End PBXFrameworksBuildPhase section */

/* Begin PBXGroup section */
		D9204D862F12C135003A22BA = {
			isa = PBXGroup;
			children = (
				D9F819B82F2E984700AD18BA /* ProcessTrustInspector */,
				D9204D902F12C135003A22BA /* Products */,
			);
			sourceTree = "<group>";
		};
		D9204D902F12C135003A22BA /* Products */ = {
			isa = PBXGroup;
			children = (
				D9204D8F2F12C135003A22BA /* ProcessTrustInspector.app */,
				D9204D912F12C135003A22BA /* ProcessTrustInspector */,
			);
			name = Products;
			sourceTree = "<group>";
		};
		D933E3B52F50B7340087C3A1 /* Interop */ = {
			isa = PBXGroup;
			children = (
				D933E3B92F50B7500087C3A1 /* CStringDecoders.swift */,
			);
			path = Interop;
			sourceTree = "<group>";
		};
		D9F819B82F2E984700AD18BA /* ProcessTrustInspector */ = {
			isa = PBXGroup;
			children = (
				D933E3B52F50B7340087C3A1 /* Interop */,
				D9F819D52F2EB43600AD18BA /* Views */,
				D9F819CD2F2EA66A00AD18BA /* Inspectors */,
				D9F819C82F2E9BFC00AD18BA /* Engine */,
				D9F819BA2F2E98D900AD18BA /* Models */,
				D9F819B42F2E984700AD18BA /* Assets.xcassets */,
				D9F819B72F2E984700AD18BA /* ProcessTrustInspectorApp.swift */,
			);
			path = ProcessTrustInspector;
			sourceTree = "<group>";
		};
		D9F819BA2F2E98D900AD18BA /* Models */ = {
			isa = PBXGroup;
			children = (
				D9FF18542F5118D40059527A /* QuarantineModels.swift */,
				D9A48EE42F4A442400DC6882 /* SecurityStatusExplainer.swift */,
				D983F7342F4A22C900DE817F /* EngineNarrativeExport.swift */,
				D9C76F422F3525BF005AA5C2 /* EngineNarrative.swift */,
				D9F819C32F2E9B1900AD18BA /* ProcessSnapshot.swift */,
				D9F819BE2F2E9AA200AD18BA /* SigningSummary.swift */,
			);
			path = Models;
			sourceTree = "<group>";
		};
		D9F819C82F2E9BFC00AD18BA /* Engine */ = {
			isa = PBXGroup;
			children = (
				D978689E2F5213DD00E581A2 /* InspectorEngine+Export.swift */,
				D95F48732F36966800BD7E5F /* NarrativeBuilder.swift */,
				D9F819B62F2E984700AD18BA /* InspectorEngine.swift */,
			);
			path = Engine;
			sourceTree = "<group>";
		};
		D9F819CD2F2EA66A00AD18BA /* Inspectors */ = {
			isa = PBXGroup;
			children = (
				D978689A2F5213CF00E581A2 /* ProcessInspectorRecords.swift */,
				D978689B2F5213CF00E581A2 /* QuarantineInspector.swift */,
				D9F819DB2F2FE59B00AD18BA /* ProcessInspector.swift */,
				D9F819D12F2EA67900AD18BA /* CodeSigningInspector.swift */,
			);
			path = Inspectors;
			sourceTree = "<group>";
		};
		D9F819D52F2EB43600AD18BA /* Views */ = {
			isa = PBXGroup;
			children = (
				D9C76F3F2F33F2F3005AA5C2 /* ProcessDetailView.swift */,
				D9F819B52F2E984700AD18BA /* ContentView.swift */,
			);
			path = Views;
			sourceTree = "<group>";
		};
/* End PBXGroup section */

/* Begin PBXNativeTarget section */
		D9204D8E2F12C135003A22BA /* ProcessTrustInspector */ = {
			isa = PBXNativeTarget;
			buildConfigurationList = D9204D9A2F12C137003A22BA /* Build configuration list for PBXNativeTarget "ProcessTrustInspector" */;
			buildPhases = (
				D9204D8B2F12C135003A22BA /* Sources */,
				D9204D8C2F12C135003A22BA /* Frameworks */,
				D9204D8D2F12C135003A22BA /* Resources */,
			);
			buildRules = (
			);
			dependencies = (
			);
			fileSystemSynchronizedGroups = (
				D9204D912F12C135003A22BA /* ProcessTrustInspector */,
			);
			name = ProcessTrustInspector;
			packageProductDependencies = (
			);
			productName = ProcessTrustInspector;
			productReference = D9204D8F2F12C135003A22BA /* ProcessTrustInspector.app */;
			productType = "com.apple.product-type.application";
		};
/* End PBXNativeTarget section */

/* Begin PBXProject section */
		D9204D872F12C135003A22BA /* Project object */ = {
			isa = PBXProject;
			attributes = {
				BuildIndependentTargetsInParallel = 1;
				LastSwiftUpdateCheck = 2600;
				LastUpgradeCheck = 2620;
				TargetAttributes = {
					D9204D8E2F12C135003A22BA = {
						CreatedOnToolsVersion = 26.0.1;
					};
				};
			};
			buildConfigurationList = D9204D8A2F12C135003A22BA /* Build configuration list for PBXProject "ProcessTrustInspector" */;
			developmentRegion = en;
			hasScannedForEncodings = 0;
			knownRegions = (
				en,
				Base,
			);
			mainGroup = D9204D862F12C135003A22BA;
			minimizedProjectReferenceProxies = 1;
			preferredProjectObjectVersion = 77;
			productRefGroup = D9204D902F12C135003A22BA /* Products */;
			projectDirPath = "";
			projectRoot = "";
			targets = (
				D9204D8E2F12C135003A22BA /* ProcessTrustInspector */,
			);
		};
/* End PBXProject section */

/* Begin PBXResourcesBuildPhase section */
		D9204D8D2F12C135003A22BA /* Resources */ = {
			isa = PBXResourcesBuildPhase;
			buildActionMask = 2147483647;
			files = (
			);
			runOnlyForDeploymentPostprocessing = 0;
		};
/* End PBXResourcesBuildPhase section */

/* Begin PBXSourcesBuildPhase section */
		D9204D8B2F12C135003A22BA /* Sources */ = {
			isa = PBXSourcesBuildPhase;
			buildActionMask = 2147483647;
			files = (
			);
			runOnlyForDeploymentPostprocessing = 0;
		};
/* End PBXSourcesBuildPhase section */

/* Begin XCBuildConfiguration section */
		D9204D982F12C137003A22BA /* Debug */ = {
			isa = XCBuildConfiguration;
			buildSettings = {
				ALWAYS_SEARCH_USER_PATHS = NO;
				ASSETCATALOG_COMPILER_GENERATE_SWIFT_ASSET_SYMBOL_EXTENSIONS = YES;
				CLANG_ANALYZER_NONNULL = YES;
				CLANG_ANALYZER_NUMBER_OBJECT_CONVERSION = YES_AGGRESSIVE;
				CLANG_CXX_LANGUAGE_STANDARD = "gnu++20";
				CLANG_ENABLE_MODULES = YES;
				CLANG_ENABLE_OBJC_ARC = YES;
				CLANG_ENABLE_OBJC_WEAK = YES;
				CLANG_WARN_BLOCK_CAPTURE_AUTORELEASING = YES;
				CLANG_WARN_BOOL_CONVERSION = YES;
				CLANG_WARN_COMMA = YES;
				CLANG_WARN_CONSTANT_CONVERSION = YES;
				CLANG_WARN_DEPRECATED_OBJC_IMPLEMENTATIONS = YES;
				CLANG_WARN_DIRECT_OBJC_ISA_USAGE = YES_ERROR;
				CLANG_WARN_DOCUMENTATION_COMMENTS = YES;
				CLANG_WARN_EMPTY_BODY = YES;
				CLANG_WARN_ENUM_CONVERSION = YES;
				CLANG_WARN_INFINITE_RECURSION = YES;
				CLANG_WARN_INT_CONVERSION = YES;
				CLANG_WARN_NON_LITERAL_NULL_CONVERSION = YES;
				CLANG_WARN_OBJC_IMPLICIT_RETAIN_SELF = YES;
				CLANG_WARN_OBJC_LITERAL_CONVERSION = YES;
				CLANG_WARN_OBJC_ROOT_CLASS = YES_ERROR;
				CLANG_WARN_QUOTED_INCLUDE_IN_FRAMEWORK_HEADER = YES;
				CLANG_WARN_RANGE_LOOP_ANALYSIS = YES;
				CLANG_WARN_STRICT_PROTOTYPES = YES;
				CLANG_WARN_SUSPICIOUS_MOVE = YES;
				CLANG_WARN_UNGUARDED_AVAILABILITY = YES_AGGRESSIVE;
				CLANG_WARN_UNREACHABLE_CODE = YES;
				CLANG_WARN__DUPLICATE_METHOD_MATCH = YES;
				COPY_PHASE_STRIP = NO;
				DEAD_CODE_STRIPPING = YES;
				DEBUG_INFORMATION_FORMAT = dwarf;
				ENABLE_STRICT_OBJC_MSGSEND = YES;
				ENABLE_TESTABILITY = YES;
				ENABLE_USER_SCRIPT_SANDBOXING = YES;
				GCC_C_LANGUAGE_STANDARD = gnu17;
				GCC_DYNAMIC_NO_PIC = NO;
				GCC_NO_COMMON_BLOCKS = YES;
				GCC_OPTIMIZATION_LEVEL = 0;
				GCC_PREPROCESSOR_DEFINITIONS = (
					"DEBUG=1",
					"$(inherited)",
				);
				GCC_WARN_64_TO_32_BIT_CONVERSION = YES;
				GCC_WARN_ABOUT_RETURN_TYPE = YES_ERROR;
				GCC_WARN_UNDECLARED_SELECTOR = YES;
				GCC_WARN_UNINITIALIZED_AUTOS = YES_AGGRESSIVE;
				GCC_WARN_UNUSED_FUNCTION = YES;
				GCC_WARN_UNUSED_VARIABLE = YES;
				LOCALIZATION_PREFERS_STRING_CATALOGS = YES;
				MTL_ENABLE_DEBUG_INFO = INCLUDE_SOURCE;
				MTL_FAST_MATH = YES;
				ONLY_ACTIVE_ARCH = YES;
				STRING_CATALOG_GENERATE_SYMBOLS = YES;
				SWIFT_ACTIVE_COMPILATION_CONDITIONS = "DEBUG $(inherited)";
				SWIFT_OPTIMIZATION_LEVEL = "-Onone";
			};
			name = Debug;
		};
		D9204D992F12C137003A22BA /* Release */ = {
			isa = XCBuildConfiguration;
			buildSettings = {
				ALWAYS_SEARCH_USER_PATHS = NO;
				ASSETCATALOG_COMPILER_GENERATE_SWIFT_ASSET_SYMBOL_EXTENSIONS = YES;
				CLANG_ANALYZER_NONNULL = YES;
				CLANG_ANALYZER_NUMBER_OBJECT_CONVERSION = YES_AGGRESSIVE;
				CLANG_CXX_LANGUAGE_STANDARD = "gnu++20";
				CLANG_ENABLE_MODULES = YES;
				CLANG_ENABLE_OBJC_ARC = YES;
				CLANG_ENABLE_OBJC_WEAK = YES;
				CLANG_WARN_BLOCK_CAPTURE_AUTORELEASING = YES;
				CLANG_WARN_BOOL_CONVERSION = YES;
				CLANG_WARN_COMMA = YES;
				CLANG_WARN_CONSTANT_CONVERSION = YES;
				CLANG_WARN_DEPRECATED_OBJC_IMPLEMENTATIONS = YES;
				CLANG_WARN_DIRECT_OBJC_ISA_USAGE = YES_ERROR;
				CLANG_WARN_DOCUMENTATION_COMMENTS = YES;
				CLANG_WARN_EMPTY_BODY = YES;
				CLANG_WARN_ENUM_CONVERSION = YES;
				CLANG_WARN_INFINITE_RECURSION = YES;
				CLANG_WARN_INT_CONVERSION = YES;
				CLANG_WARN_NON_LITERAL_NULL_CONVERSION = YES;
				CLANG_WARN_OBJC_IMPLICIT_RETAIN_SELF = YES;
				CLANG_WARN_OBJC_LITERAL_CONVERSION = YES;
				CLANG_WARN_OBJC_ROOT_CLASS = YES_ERROR;
				CLANG_WARN_QUOTED_INCLUDE_IN_FRAMEWORK_HEADER = YES;
				CLANG_WARN_RANGE_LOOP_ANALYSIS = YES;
				CLANG_WARN_STRICT_PROTOTYPES = YES;
				CLANG_WARN_SUSPICIOUS_MOVE = YES;
				CLANG_WARN_UNGUARDED_AVAILABILITY = YES_AGGRESSIVE;
				CLANG_WARN_UNREACHABLE_CODE = YES;
				CLANG_WARN__DUPLICATE_METHOD_MATCH = YES;
				COPY_PHASE_STRIP = NO;
				DEAD_CODE_STRIPPING = YES;
				DEBUG_INFORMATION_FORMAT = "dwarf-with-dsym";
				ENABLE_NS_ASSERTIONS = NO;
				ENABLE_STRICT_OBJC_MSGSEND = YES;
				ENABLE_USER_SCRIPT_SANDBOXING = YES;
				GCC_C_LANGUAGE_STANDARD = gnu17;
				GCC_NO_COMMON_BLOCKS = YES;
				GCC_WARN_64_TO_32_BIT_CONVERSION = YES;
				GCC_WARN_ABOUT_RETURN_TYPE = YES_ERROR;
				GCC_WARN_UNDECLARED_SELECTOR = YES;
				GCC_WARN_UNINITIALIZED_AUTOS = YES_AGGRESSIVE;
				GCC_WARN_UNUSED_FUNCTION = YES;
				GCC_WARN_UNUSED_VARIABLE = YES;
				LOCALIZATION_PREFERS_STRING_CATALOGS = YES;
				MTL_ENABLE_DEBUG_INFO = NO;
				MTL_FAST_MATH = YES;
				STRING_CATALOG_GENERATE_SYMBOLS = YES;
				SWIFT_COMPILATION_MODE = wholemodule;
			};
			name = Release;
		};
		D9204D9B2F12C137003A22BA /* Debug */ = {
			isa = XCBuildConfiguration;
			buildSettings = {
				ASSETCATALOG_COMPILER_APPICON_NAME = AppIcon;
				ASSETCATALOG_COMPILER_GLOBAL_ACCENT_COLOR_NAME = AccentColor;
				CODE_SIGN_STYLE = Automatic;
				CURRENT_PROJECT_VERSION = 1;
				DEAD_CODE_STRIPPING = YES;
				ENABLE_APP_SANDBOX = NO;
				ENABLE_PREVIEWS = YES;
				GENERATE_INFOPLIST_FILE = YES;
				INFOPLIST_KEY_CFBundleDisplayName = "macOS Process Trust Inspector";
				"INFOPLIST_KEY_UIApplicationSceneManifest_Generation[sdk=iphoneos*]" = YES;
				"INFOPLIST_KEY_UIApplicationSceneManifest_Generation[sdk=iphonesimulator*]" = YES;
				"INFOPLIST_KEY_UIApplicationSupportsIndirectInputEvents[sdk=iphoneos*]" = YES;
				"INFOPLIST_KEY_UIApplicationSupportsIndirectInputEvents[sdk=iphonesimulator*]" = YES;
				"INFOPLIST_KEY_UILaunchScreen_Generation[sdk=iphoneos*]" = YES;
				"INFOPLIST_KEY_UILaunchScreen_Generation[sdk=iphonesimulator*]" = YES;
				"INFOPLIST_KEY_UIStatusBarStyle[sdk=iphoneos*]" = UIStatusBarStyleDefault;
				"INFOPLIST_KEY_UIStatusBarStyle[sdk=iphonesimulator*]" = UIStatusBarStyleDefault;
				INFOPLIST_KEY_UISupportedInterfaceOrientations_iPad = "UIInterfaceOrientationPortrait UIInterfaceOrientationPortraitUpsideDown UIInterfaceOrientationLandscapeLeft UIInterfaceOrientationLandscapeRight";
				INFOPLIST_KEY_UISupportedInterfaceOrientations_iPhone = "UIInterfaceOrientationPortrait UIInterfaceOrientationLandscapeLeft UIInterfaceOrientationLandscapeRight";
				IPHONEOS_DEPLOYMENT_TARGET = 26.0;
				LD_RUNPATH_SEARCH_PATHS = "@executable_path/Frameworks";
				"LD_RUNPATH_SEARCH_PATHS[sdk=macosx*]" = "@executable_path/../Frameworks";
				MACOSX_DEPLOYMENT_TARGET = 15.6;
				MARKETING_VERSION = 1.0;
				PRODUCT_BUNDLE_IDENTIFIER = com.amw.ProcessTrustInspector;
				PRODUCT_NAME = "$(TARGET_NAME)";
				REGISTER_APP_GROUPS = YES;
				SDKROOT = auto;
				STRING_CATALOG_GENERATE_SYMBOLS = YES;
				SUPPORTED_PLATFORMS = "iphoneos iphonesimulator macosx xros xrsimulator";
				SWIFT_APPROACHABLE_CONCURRENCY = YES;
				SWIFT_DEFAULT_ACTOR_ISOLATION = MainActor;
				SWIFT_EMIT_LOC_STRINGS = YES;
				SWIFT_UPCOMING_FEATURE_MEMBER_IMPORT_VISIBILITY = YES;
				SWIFT_VERSION = 5.0;
				TARGETED_DEVICE_FAMILY = "1,2,7";
				XROS_DEPLOYMENT_TARGET = 26.0;
			};
			name = Debug;
		};
		D9204D9C2F12C137003A22BA /* Release */ = {
			isa = XCBuildConfiguration;
			buildSettings = {
				ASSETCATALOG_COMPILER_APPICON_NAME = AppIcon;
				ASSETCATALOG_COMPILER_GLOBAL_ACCENT_COLOR_NAME = AccentColor;
				CODE_SIGN_STYLE = Automatic;
				CURRENT_PROJECT_VERSION = 1;
				DEAD_CODE_STRIPPING = YES;
				ENABLE_APP_SANDBOX = NO;
				ENABLE_PREVIEWS = YES;
				GENERATE_INFOPLIST_FILE = YES;
				INFOPLIST_KEY_CFBundleDisplayName = "macOS Process Trust Inspector";
				"INFOPLIST_KEY_UIApplicationSceneManifest_Generation[sdk=iphoneos*]" = YES;
				"INFOPLIST_KEY_UIApplicationSceneManifest_Generation[sdk=iphonesimulator*]" = YES;
				"INFOPLIST_KEY_UIApplicationSupportsIndirectInputEvents[sdk=iphoneos*]" = YES;
				"INFOPLIST_KEY_UIApplicationSupportsIndirectInputEvents[sdk=iphonesimulator*]" = YES;
				"INFOPLIST_KEY_UILaunchScreen_Generation[sdk=iphoneos*]" = YES;
				"INFOPLIST_KEY_UILaunchScreen_Generation[sdk=iphonesimulator*]" = YES;
				"INFOPLIST_KEY_UIStatusBarStyle[sdk=iphoneos*]" = UIStatusBarStyleDefault;
				"INFOPLIST_KEY_UIStatusBarStyle[sdk=iphonesimulator*]" = UIStatusBarStyleDefault;
				INFOPLIST_KEY_UISupportedInterfaceOrientations_iPad = "UIInterfaceOrientationPortrait UIInterfaceOrientationPortraitUpsideDown UIInterfaceOrientationLandscapeLeft UIInterfaceOrientationLandscapeRight";
				INFOPLIST_KEY_UISupportedInterfaceOrientations_iPhone = "UIInterfaceOrientationPortrait UIInterfaceOrientationLandscapeLeft UIInterfaceOrientationLandscapeRight";
				IPHONEOS_DEPLOYMENT_TARGET = 26.0;
				LD_RUNPATH_SEARCH_PATHS = "@executable_path/Frameworks";
				"LD_RUNPATH_SEARCH_PATHS[sdk=macosx*]" = "@executable_path/../Frameworks";
				MACOSX_DEPLOYMENT_TARGET = 15.6;
				MARKETING_VERSION = 1.0;
				PRODUCT_BUNDLE_IDENTIFIER = com.amw.ProcessTrustInspector;
				PRODUCT_NAME = "$(TARGET_NAME)";
				REGISTER_APP_GROUPS = YES;
				SDKROOT = auto;
				STRING_CATALOG_GENERATE_SYMBOLS = YES;
				SUPPORTED_PLATFORMS = "iphoneos iphonesimulator macosx xros xrsimulator";
				SWIFT_APPROACHABLE_CONCURRENCY = YES;
				SWIFT_DEFAULT_ACTOR_ISOLATION = MainActor;
				SWIFT_EMIT_LOC_STRINGS = YES;
				SWIFT_UPCOMING_FEATURE_MEMBER_IMPORT_VISIBILITY = YES;
				SWIFT_VERSION = 5.0;
				TARGETED_DEVICE_FAMILY = "1,2,7";
				XROS_DEPLOYMENT_TARGET = 26.0;
			};
			name = Release;
		};
/* End XCBuildConfiguration section */

/* Begin XCConfigurationList section */
		D9204D8A2F12C135003A22BA /* Build configuration list for PBXProject "ProcessTrustInspector" */ = {
			isa = XCConfigurationList;
			buildConfigurations = (
				D9204D982F12C137003A22BA /* Debug */,
				D9204D992F12C137003A22BA /* Release */,
			);
			defaultConfigurationIsVisible = 0;
			defaultConfigurationName = Release;
		};
		D9204D9A2F12C137003A22BA /* Build configuration list for PBXNativeTarget "ProcessTrustInspector" */ = {
			isa = XCConfigurationList;
			buildConfigurations = (
				D9204D9B2F12C137003A22BA /* Debug */,
				D9204D9C2F12C137003A22BA /* Release */,
			);
			defaultConfigurationIsVisible = 0;
			defaultConfigurationName = Release;
		};
/* End XCConfigurationList section */
	};
	rootObject = D9204D872F12C135003A22BA /* Project object */;
}
